Microsoft Visual Studio Solution File, Format Version 12.00
# Visual Studio Version 17
VisualStudioVersion = 17.5.2.0
MinimumVisualStudioVersion = 10.0.40219.1
Project("{FAE04EC0-301F-11D3-BF4B-00C04F79EFBC}") = "SocialMedia", "SocialMedia.csproj", "{8162E89A-2418-86D1-B455-24E46A288904}"
EndProject
Global
	GlobalSection(SolutionConfigurationPlatforms) = preSolution
		Debug|Any CPU = Debug|Any CPU
		Release|Any CPU = Release|Any CPU
	EndGlobalSection
	GlobalSection(ProjectConfigurationPlatforms) = postSolution
		{8162E89A-2418-86D1-B455-24E46A288904}.Debug|Any CPU.ActiveCfg = Debug|Any CPU
		{8162E89A-2418-86D1-B455-24E46A288904}.Debug|Any CPU.Build.0 = Debug|Any CPU
		{8162E89A-2418-86D1-B455-24E46A288904}.Release|Any CPU.ActiveCfg = Release|Any CPU
		{8162E89A-2418-86D1-B455-24E46A288904}.Release|Any CPU.Build.0 = Release|Any CPU
	EndGlobalSection
	GlobalSection(SolutionProperties) = preSolution
		HideSolutionNode = FALSE
	EndGlobalSection
	GlobalSection(ExtensibilityGlobals) = postSolution
		SolutionGuid = {1ECC1FD8-872B-4912-A9D0-3EF9014DFC73}
	EndGlobalSection
EndGlobal
